
Microsoft Visual Studio Solution File, Format Version 12.00
# Visual Studio Version 17
VisualStudioVersion = 17.4.33213.308
MinimumVisualStudioVersion = 10.0.40219.1
Project("{9A19103F-16F7-4668-BE54-9A1E7A4F7556}") = "RabbitMQProject", "RabbitMQProject\RabbitMQProject.csproj", "{DDDCCD10-7C0D-495F-8F78-E5E216100590}"
EndProject
Project("{FAE04EC0-301F-11D3-BF4B-00C04F79EFBC}") = "Consumer.Console", "Consumer.Console\Consumer.Console.csproj", "{C8AB7377-2A0F-40E9-B66B-0F0C233F431B}"
EndProject
Global
	GlobalSection(SolutionConfigurationPlatforms) = preSolution
		Debug|Any CPU = Debug|Any CPU
		Release|Any CPU = Release|Any CPU
	EndGlobalSection
	GlobalSection(ProjectConfigurationPlatforms) = postSolution
		{DDDCCD10-7C0D-495F-8F78-E5E216100590}.Debug|Any CPU.ActiveCfg = Debug|Any CPU
		{DDDCCD10-7C0D-495F-8F78-E5E216100590}.Debug|Any CPU.Build.0 = Debug|Any CPU
		{DDDCCD10-7C0D-495F-8F78-E5E216100590}.Release|Any CPU.ActiveCfg = Release|Any CPU
		{DDDCCD10-7C0D-495F-8F78-E5E216100590}.Release|Any CPU.Build.0 = Release|Any CPU
		{C8AB7377-2A0F-40E9-B66B-0F0C233F431B}.Debug|Any CPU.ActiveCfg = Debug|Any CPU
		{C8AB7377-2A0F-40E9-B66B-0F0C233F431B}.Debug|Any CPU.Build.0 = Debug|Any CPU
		{C8AB7377-2A0F-40E9-B66B-0F0C233F431B}.Release|Any CPU.ActiveCfg = Release|Any CPU
		{C8AB7377-2A0F-40E9-B66B-0F0C233F431B}.Release|Any CPU.Build.0 = Release|Any CPU
	EndGlobalSection
	GlobalSection(SolutionProperties) = preSolution
		HideSolutionNode = FALSE
	EndGlobalSection
	GlobalSection(ExtensibilityGlobals) = postSolution
		SolutionGuid = {DDD732F0-851A-4A00-B5EB-E00CE052A3DE}
	EndGlobalSection
EndGlobal
